
Microsoft Visual Studio Solution File, Format Version 12.00
# Visual Studio Version 17
VisualStudioVersion = 17.6.33815.320
MinimumVisualStudioVersion = 10.0.40219.1
Project("{9A19103F-16F7-4668-BE54-9A1E7A4F7556}") = "shepOSMudBlazorCrud", "shepOSMudBlazorCrud\shepOSMudBlazorCrud.csproj", "{62715035-C735-4DE5-AEA2-E83B4B2D1179}"
EndProject
Project("{9A19103F-16F7-4668-BE54-9A1E7A4F7556}") = "clibReportRecord", "..\..\..\shepOSClassLib\clibReportRecord\clibReportRecord\clibReportRecord.csproj", "{E251F71F-D412-4D02-B5BE-65AB6D6FB844}"
EndProject
Project("{FAE04EC0-301F-11D3-BF4B-00C04F79EFBC}") = "clibReportGenerator", "..\..\..\shepOSClassLib\clibReportGenerator\clibReportGenerator.csproj", "{39AC78DA-3B22-4A15-8F61-B8FD673A1896}"
EndProject
Global
	GlobalSection(SolutionConfigurationPlatforms) = preSolution
		Debug|Any CPU = Debug|Any CPU
		Release|Any CPU = Release|Any CPU
	EndGlobalSection
	GlobalSection(ProjectConfigurationPlatforms) = postSolution
		{62715035-C735-4DE5-AEA2-E83B4B2D1179}.Debug|Any CPU.ActiveCfg = Debug|Any CPU
		{62715035-C735-4DE5-AEA2-E83B4B2D1179}.Debug|Any CPU.Build.0 = Debug|Any CPU
		{62715035-C735-4DE5-AEA2-E83B4B2D1179}.Release|Any CPU.ActiveCfg = Release|Any CPU
		{62715035-C735-4DE5-AEA2-E83B4B2D1179}.Release|Any CPU.Build.0 = Release|Any CPU
		{E251F71F-D412-4D02-B5BE-65AB6D6FB844}.Debug|Any CPU.ActiveCfg = Debug|Any CPU
		{E251F71F-D412-4D02-B5BE-65AB6D6FB844}.Debug|Any CPU.Build.0 = Debug|Any CPU
		{E251F71F-D412-4D02-B5BE-65AB6D6FB844}.Release|Any CPU.ActiveCfg = Release|Any CPU
		{E251F71F-D412-4D02-B5BE-65AB6D6FB844}.Release|Any CPU.Build.0 = Release|Any CPU
		{39AC78DA-3B22-4A15-8F61-B8FD673A1896}.Debug|Any CPU.ActiveCfg = Debug|Any CPU
		{39AC78DA-3B22-4A15-8F61-B8FD673A1896}.Debug|Any CPU.Build.0 = Debug|Any CPU
		{39AC78DA-3B22-4A15-8F61-B8FD673A1896}.Release|Any CPU.ActiveCfg = Release|Any CPU
		{39AC78DA-3B22-4A15-8F61-B8FD673A1896}.Release|Any CPU.Build.0 = Release|Any CPU
	EndGlobalSection
	GlobalSection(SolutionProperties) = preSolution
		HideSolutionNode = FALSE
	EndGlobalSection
	GlobalSection(ExtensibilityGlobals) = postSolution
		SolutionGuid = {59B3AD63-B7FA-49C3-8C66-1BBEF17E417D}
	EndGlobalSection
EndGlobal
